{
  "name": "@zuplo/mcp-example-tools-server",
  "lockfileVersion": 3,
  "requires": true,
  "packages": {
    "": {
      "name": "@zuplo/mcp-example-tools-server",
      "dependencies": {
        "@hono/node-server": "^1.14.1",
        "@zuplo/mcp": "file:../../../",
        "hono": "^4.7.9"
      }
    },
    "..": {
      "name": "@zuplo/mcp",
      "version": "0.0.0",
      "extraneous": true,
      "license": "MIT",
      "dependencies": {
        "zod": "^3.24.4",
        "zod-to-json-schema": "^3.24.5"
      },
      "devDependencies": {
        "@types/jest": "^29.5.14",
        "@types/node": "^22.15.14",
        "jest": "^29.7.0",
        "ts-jest": "^29.3.2",
        "ts-node": "^10.9.2",
        "typescript": "^5.8.3"
      }
    },
    "../..": {
      "name": "@zuplo/mcp",
      "version": "0.0.12",
      "extraneous": true,
      "license": "MIT",
      "dependencies": {
        "zod": "^3.25.0"
      },
      "devDependencies": {
        "@types/jest": "^29.5.14",
        "@types/node": "^22.15.14",
        "jest": "^29.7.0",
        "ts-jest": "^29.3.2",
        "ts-node": "^10.9.2",
        "typescript": "^5.8.3"
      }
    },
    "../../..": {
      "name": "@zuplo/mcp",
      "version": "0.0.29",
      "license": "MIT",
      "dependencies": {
        "eventsource-parser": "^3.0.6",
        "zod": "^3.25.0"
      },
      "devDependencies": {
        "@types/jest": "^29.5.14",
        "@types/node": "^22.15.14",
        "jest": "^29.7.0",
        "prettier": "^3.6.2",
        "ts-jest": "^29.3.2",
        "ts-node": "^10.9.2",
        "typescript": "^5.8.3"
      }
    },
    "node_modules/@hono/node-server": {
      "version": "1.14.1",
      "resolved": "https://registry.npmjs.org/@hono/node-server/-/node-server-1.14.1.tgz",
      "integrity": "sha512-vmbuM+HPinjWzPe7FFPWMMQMsbKE9gDPhaH0FFdqbGpkT5lp++tcWDTxwBl5EgS5y6JVgIaCdjeHRfQ4XRBRjQ==",
      "license": "MIT",
      "engines": {
        "node": ">=18.14.1"
      },
      "peerDependencies": {
        "hono": "^4"
      }
    },
    "node_modules/@zuplo/mcp": {
      "resolved": "../../..",
      "link": true
    },
    "node_modules/hono": {
      "version": "4.7.9",
      "resolved": "https://registry.npmjs.org/hono/-/hono-4.7.9.tgz",
      "integrity": "sha512-/EsCoR5h7N4yu01TDu9GMCCJa6ZLk5ZJIWFFGNawAXmd1Tp53+Wir4xm0D2X19bbykWUlzQG0+BvPAji6p9E8Q==",
      "license": "MIT",
      "engines": {
        "node": ">=16.9.0"
      }
    }
  }
}
