{
  "name": "@zuplo/mcp-import-spec-types-example",
  "lockfileVersion": 3,
  "requires": true,
  "packages": {
    "": {
      "name": "@zuplo/mcp-import-spec-types-example",
      "dependencies": {
        "@zuplo/mcp": "file:../../../"
      }
    },
    "..": {
      "name": "@zuplo/mcp",
      "version": "0.0.0",
      "extraneous": true,
      "license": "MIT",
      "dependencies": {
        "zod": "^3.24.4",
        "zod-to-json-schema": "^3.24.5"
      },
      "devDependencies": {
        "@types/jest": "^29.5.14",
        "@types/node": "^22.15.14",
        "jest": "^29.7.0",
        "ts-jest": "^29.3.2",
        "ts-node": "^10.9.2",
        "typescript": "^5.8.3"
      }
    },
    "../..": {
      "name": "@zuplo/mcp",
      "version": "0.0.14",
      "extraneous": true,
      "license": "MIT",
      "dependencies": {
        "zod": "^3.25.0"
      },
      "devDependencies": {
        "@types/jest": "^29.5.14",
        "@types/node": "^22.15.14",
        "jest": "^29.7.0",
        "ts-jest": "^29.3.2",
        "ts-node": "^10.9.2",
        "typescript": "^5.8.3"
      }
    },
    "../../..": {
      "name": "@zuplo/mcp",
      "version": "0.0.29",
      "license": "MIT",
      "dependencies": {
        "eventsource-parser": "^3.0.6",
        "zod": "^3.25.0"
      },
      "devDependencies": {
        "@types/jest": "^29.5.14",
        "@types/node": "^22.15.14",
        "jest": "^29.7.0",
        "prettier": "^3.6.2",
        "ts-jest": "^29.3.2",
        "ts-node": "^10.9.2",
        "typescript": "^5.8.3"
      }
    },
    "node_modules/@zuplo/mcp": {
      "resolved": "../../..",
      "link": true
    }
  }
}
